
Microsoft Visual Studio Solution File, Format Version 12.00
# Visual Studio Version 17
VisualStudioVersion = 17.5.002.0
MinimumVisualStudioVersion = 10.0.40219.1
Project("{9A19103F-16F7-4668-BE54-9A1E7A4F7556}") = "Rubronegra", "Rubronegra.csproj", "{7DF2786C-4FD8-4431-B09E-1FDE6150AF3C}"
EndProject
Global
	GlobalSection(SolutionConfigurationPlatforms) = preSolution
		Debug|Any CPU = Debug|Any CPU
		Release|Any CPU = Release|Any CPU
	EndGlobalSection
	GlobalSection(ProjectConfigurationPlatforms) = postSolution
		{7DF2786C-4FD8-4431-B09E-1FDE6150AF3C}.Debug|Any CPU.ActiveCfg = Debug|Any CPU
		{7DF2786C-4FD8-4431-B09E-1FDE6150AF3C}.Debug|Any CPU.Build.0 = Debug|Any CPU
		{7DF2786C-4FD8-4431-B09E-1FDE6150AF3C}.Release|Any CPU.ActiveCfg = Release|Any CPU
		{7DF2786C-4FD8-4431-B09E-1FDE6150AF3C}.Release|Any CPU.Build.0 = Release|Any CPU
	EndGlobalSection
	GlobalSection(SolutionProperties) = preSolution
		HideSolutionNode = FALSE
	EndGlobalSection
	GlobalSection(ExtensibilityGlobals) = postSolution
		SolutionGuid = {FB213B18-FF6C-4891-8A5C-A78A34FC21C3}
	EndGlobalSection
EndGlobal
