
Microsoft Visual Studio Solution File, Format Version 12.00
# Visual Studio Version 17
VisualStudioVersion = 17.5.002.0
MinimumVisualStudioVersion = 10.0.40219.1
Project("{9A19103F-16F7-4668-BE54-9A1E7A4F7556}") = "Postorder Traversal", "Postorder Traversal.csproj", "{FEB650DD-60FB-4B6B-BD9E-EC68139993A8}"
EndProject
Global
	GlobalSection(SolutionConfigurationPlatforms) = preSolution
		Debug|Any CPU = Debug|Any CPU
		Release|Any CPU = Release|Any CPU
	EndGlobalSection
	GlobalSection(ProjectConfigurationPlatforms) = postSolution
		{FEB650DD-60FB-4B6B-BD9E-EC68139993A8}.Debug|Any CPU.ActiveCfg = Debug|Any CPU
		{FEB650DD-60FB-4B6B-BD9E-EC68139993A8}.Debug|Any CPU.Build.0 = Debug|Any CPU
		{FEB650DD-60FB-4B6B-BD9E-EC68139993A8}.Release|Any CPU.ActiveCfg = Release|Any CPU
		{FEB650DD-60FB-4B6B-BD9E-EC68139993A8}.Release|Any CPU.Build.0 = Release|Any CPU
	EndGlobalSection
	GlobalSection(SolutionProperties) = preSolution
		HideSolutionNode = FALSE
	EndGlobalSection
	GlobalSection(ExtensibilityGlobals) = postSolution
		SolutionGuid = {784E7C3E-8702-4C74-BFC8-A2EFA3108194}
	EndGlobalSection
EndGlobal
