
Microsoft Visual Studio Solution File, Format Version 12.00
# Visual Studio Version 17
VisualStudioVersion = 17.5.002.0
MinimumVisualStudioVersion = 10.0.40219.1
Project("{9A19103F-16F7-4668-BE54-9A1E7A4F7556}") = "BTree", "BTree.csproj", "{36D27405-724F-4357-92F6-0562F848D2F4}"
EndProject
Global
	GlobalSection(SolutionConfigurationPlatforms) = preSolution
		Debug|Any CPU = Debug|Any CPU
		Release|Any CPU = Release|Any CPU
	EndGlobalSection
	GlobalSection(ProjectConfigurationPlatforms) = postSolution
		{36D27405-724F-4357-92F6-0562F848D2F4}.Debug|Any CPU.ActiveCfg = Debug|Any CPU
		{36D27405-724F-4357-92F6-0562F848D2F4}.Debug|Any CPU.Build.0 = Debug|Any CPU
		{36D27405-724F-4357-92F6-0562F848D2F4}.Release|Any CPU.ActiveCfg = Release|Any CPU
		{36D27405-724F-4357-92F6-0562F848D2F4}.Release|Any CPU.Build.0 = Release|Any CPU
	EndGlobalSection
	GlobalSection(SolutionProperties) = preSolution
		HideSolutionNode = FALSE
	EndGlobalSection
	GlobalSection(ExtensibilityGlobals) = postSolution
		SolutionGuid = {FC649B92-7A5C-430C-ADF9-DDD65166C2E2}
	EndGlobalSection
EndGlobal
